// !$*UTF8*$!
{
	archiveVersion = 1;
	classes = {
	};
	objectVersion = 46;
	objects = {

/* Begin PBXBuildFile section */
		90D491721E8FCEF6000CDF2B /* AppDelegate.swift in Sources */ = {isa = PBXBuildFile; fileRef = 90D491711E8FCEF6000CDF2B /* AppDelegate.swift */; };
		90D491741E8FCEF6000CDF2B /* ViewController.swift in Sources */ = {isa = PBXBuildFile; fileRef = 90D491731E8FCEF6000CDF2B /* ViewController.swift */; };
		90D491771E8FCEF6000CDF2B /* Main.storyboard in Resources */ = {isa = PBXBuildFile; fileRef = 90D491751E8FCEF6000CDF2B /* Main.storyboard */; };
		90D491791E8FCEF6000CDF2B /* Assets.xcassets in Resources */ = {isa = PBXBuildFile; fileRef = 90D491781E8FCEF6000CDF2B /* Assets.xcassets */; };
		90D4917C1E8FCEF6000CDF2B /* LaunchScreen.storyboard in Resources */ = {isa = PBXBuildFile; fileRef = 90D4917A1E8FCEF6000CDF2B /* LaunchScreen.storyboard */; };
		90D491871E8FCEF6000CDF2B /* CaddyConnectTests.swift in Sources */ = {isa = PBXBuildFile; fileRef = 90D491861E8FCEF6000CDF2B /* CaddyConnectTests.swift */; };
		90D491921E8FCEF6000CDF2B /* CaddyConnectUITests.swift in Sources */ = {isa = PBXBuildFile; fileRef = 90D491911E8FCEF6000CDF2B /* CaddyConnectUITests.swift */; };
/* End PBXBuildFile section */

/* Begin PBXContainerItemProxy section */
		90D491831E8FCEF6000CDF2B /* PBXContainerItemProxy */ = {
			isa = PBXContainerItemProxy;
			containerPortal = 90D491661E8FCEF5000CDF2B /* Project object */;
			proxyType = 1;
			remoteGlobalIDString = 90D4916D1E8FCEF5000CDF2B;
			remoteInfo = CaddyConnect;
		};
		90D4918E1E8FCEF6000CDF2B /* PBXContainerItemProxy */ = {
			isa = PBXContainerItemProxy;
			containerPortal = 90D491661E8FCEF5000CDF2B /* Project object */;
			proxyType = 1;
			remoteGlobalIDString = 90D4916D1E8FCEF5000CDF2B;
			remoteInfo = CaddyConnect;
		};
/* End PBXContainerItemProxy section */

/* Begin PBXFileReference section */
		90D4916E1E8FCEF6000CDF2B /* CaddyConnect.app */ = {isa = PBXFileReference; explicitFileType = wrapper.application; includeInIndex = 0; path = CaddyConnect.app; sourceTree = BUILT_PRODUCTS_DIR; };
		90D491711E8FCEF6000CDF2B /* AppDelegate.swift */ = {isa = PBXFileReference; lastKnownFileType = sourcecode.swift; path = AppDelegate.swift; sourceTree = "<group>"; };
		90D491731E8FCEF6000CDF2B /* ViewController.swift */ = {isa = PBXFileReference; lastKnownFileType = sourcecode.swift; path = ViewController.swift; sourceTree = "<group>"; };
		90D491761E8FCEF6000CDF2B /* Base */ = {isa = PBXFileReference; lastKnownFileType = file.storyboard; name = Base; path = Base.lproj/Main.storyboard; sourceTree = "<group>"; };
		90D491781E8FCEF6000CDF2B /* Assets.xcassets */ = {isa = PBXFileReference; lastKnownFileType = folder.assetcatalog; path = Assets.xcassets; sourceTree = "<group>"; };
		90D4917B1E8FCEF6000CDF2B /* Base */ = {isa = PBXFileReference; lastKnownFileType = file.storyboard; name = Base; path = Base.lproj/LaunchScreen.storyboard; sourceTree = "<group>"; };
		90D4917D1E8FCEF6000CDF2B /* Info.plist */ = {isa = PBXFileReference; lastKnownFileType = text.plist.xml; path = Info.plist; sourceTree = "<group>"; };
		90D491821E8FCEF6000CDF2B /* CaddyConnectTests.xctest */ = {isa = PBXFileReference; explicitFileType = wrapper.cfbundle; includeInIndex = 0; path = CaddyConnectTests.xctest; sourceTree = BUILT_PRODUCTS_DIR; };
		90D491861E8FCEF6000CDF2B /* CaddyConnectTests.swift */ = {isa = PBXFileReference; lastKnownFileType = sourcecode.swift; path = CaddyConnectTests.swift; sourceTree = "<group>"; };
		90D491881E8FCEF6000CDF2B /* Info.plist */ = {isa = PBXFileReference; lastKnownFileType = text.plist.xml; path = Info.plist; sourceTree = "<group>"; };
		90D4918D1E8FCEF6000CDF2B /* CaddyConnectUITests.xctest */ = {isa = PBXFileReference; explicitFileType = wrapper.cfbundle; includeInIndex = 0; path = CaddyConnectUITests.xctest; sourceTree = BUILT_PRODUCTS_DIR; };
		90D491911E8FCEF6000CDF2B /* CaddyConnectUITests.swift */ = {isa = PBXFileReference; lastKnownFileType = sourcecode.swift; path = CaddyConnectUITests.swift; sourceTree = "<group>"; };
		90D491931E8FCEF6000CDF2B /* Info.plist */ = {isa = PBXFileReference; lastKnownFileType = text.plist.xml; path = Info.plist; sourceTree = "<group>"; };
/* End PBXFileReference section */

/* Begin PBXFrameworksBuildPhase section */
		90D4916B1E8FCEF5000CDF2B /* Frameworks */ = {
			isa = PBXFrameworksBuildPhase;
			buildActionMask = 2147483647;
			files = (
			);
			runOnlyForDeploymentPostprocessing = 0;
		};
		90D4917F1E8FCEF6000CDF2B /* Frameworks */ = {
			isa = PBXFrameworksBuildPhase;
			buildActionMask = 2147483647;
			files = (
			);
			runOnlyForDeploymentPostprocessing = 0;
		};
		90D4918A1E8FCEF6000CDF2B /* Frameworks */ = {
			isa = PBXFrameworksBuildPhase;
			buildActionMask = 2147483647;
			files = (
			);
			runOnlyForDeploymentPostprocessing = 0;
		};
/* End PBXFrameworksBuildPhase section */

/* Begin PBXGroup section */
		90D491651E8FCEF5000CDF2B = {
			isa = PBXGroup;
			children = (
				90D491701E8FCEF6000CDF2B /* CaddyConnect */,
				90D491851E8FCEF6000CDF2B /* CaddyConnectTests */,
				90D491901E8FCEF6000CDF2B /* CaddyConnectUITests */,
				90D4916F1E8FCEF6000CDF2B /* Products */,
			);
			sourceTree = "<group>";
		};
		90D4916F1E8FCEF6000CDF2B /* Products */ = {
			isa = PBXGroup;
			children = (
				90D4916E1E8FCEF6000CDF2B /* CaddyConnect.app */,
				90D491821E8FCEF6000CDF2B /* CaddyConnectTests.xctest */,
				90D4918D1E8FCEF6000CDF2B /* CaddyConnectUITests.xctest */,
			);
			name = Products;
			sourceTree = "<group>";
		};
		90D491701E8FCEF6000CDF2B /* CaddyConnect */ = {
			isa = PBXGroup;
			children = (
				90D491711E8FCEF6000CDF2B /* AppDelegate.swift */,
				90D491731E8FCEF6000CDF2B /* ViewController.swift */,
				90D491751E8FCEF6000CDF2B /* Main.storyboard */,
				90D491781E8FCEF6000CDF2B /* Assets.xcassets */,
				90D4917A1E8FCEF6000CDF2B /* LaunchScreen.storyboard */,
				90D4917D1E8FCEF6000CDF2B /* Info.plist */,
			);
			path = CaddyConnect;
			sourceTree = "<group>";
		};
		90D491851E8FCEF6000CDF2B /* CaddyConnectTests */ = {
			isa = PBXGroup;
			children = (
				90D491861E8FCEF6000CDF2B /* CaddyConnectTests.swift */,
				90D491881E8FCEF6000CDF2B /* Info.plist */,
			);
			path = CaddyConnectTests;
			sourceTree = "<group>";
		};
		90D491901E8FCEF6000CDF2B /* CaddyConnectUITests */ = {
			isa = PBXGroup;
			children = (
				90D491911E8FCEF6000CDF2B /* CaddyConnectUITests.swift */,
				90D491931E8FCEF6000CDF2B /* Info.plist */,
			);
			path = CaddyConnectUITests;
			sourceTree = "<group>";
		};
/* End PBXGroup section */

/* Begin PBXNativeTarget section */
		90D4916D1E8FCEF5000CDF2B /* CaddyConnect */ = {
			isa = PBXNativeTarget;
			buildConfigurationList = 90D491961E8FCEF6000CDF2B /* Build configuration list for PBXNativeTarget "CaddyConnect" */;
			buildPhases = (
				90D4916A1E8FCEF5000CDF2B /* Sources */,
				90D4916B1E8FCEF5000CDF2B /* Frameworks */,
				90D4916C1E8FCEF5000CDF2B /* Resources */,
			);
			buildRules = (
			);
			dependencies = (
			);
			name = CaddyConnect;
			productName = CaddyConnect;
			productReference = 90D4916E1E8FCEF6000CDF2B /* CaddyConnect.app */;
			productType = "com.apple.product-type.application";
		};
		90D491811E8FCEF6000CDF2B /* CaddyConnectTests */ = {
			isa = PBXNativeTarget;
			buildConfigurationList = 90D491991E8FCEF6000CDF2B /* Build configuration list for PBXNativeTarget "CaddyConnectTests" */;
			buildPhases = (
				90D4917E1E8FCEF6000CDF2B /* Sources */,
				90D4917F1E8FCEF6000CDF2B /* Frameworks */,
				90D491801E8FCEF6000CDF2B /* Resources */,
			);
			buildRules = (
			);
			dependencies = (
				90D491841E8FCEF6000CDF2B /* PBXTargetDependency */,
			);
			name = CaddyConnectTests;
			productName = CaddyConnectTests;
			productReference = 90D491821E8FCEF6000CDF2B /* CaddyConnectTests.xctest */;
			productType = "com.apple.product-type.bundle.unit-test";
		};
		90D4918C1E8FCEF6000CDF2B /* CaddyConnectUITests */ = {
			isa = PBXNativeTarget;
			buildConfigurationList = 90D4919C1E8FCEF6000CDF2B /* Build configuration list for PBXNativeTarget "CaddyConnectUITests" */;
			buildPhases = (
				90D491891E8FCEF6000CDF2B /* Sources */,
				90D4918A1E8FCEF6000CDF2B /* Frameworks */,
				90D4918B1E8FCEF6000CDF2B /* Resources */,
			);
			buildRules = (
			);
			dependencies = (
				90D4918F1E8FCEF6000CDF2B /* PBXTargetDependency */,
			);
			name = CaddyConnectUITests;
			productName = CaddyConnectUITests;
			productReference = 90D4918D1E8FCEF6000CDF2B /* CaddyConnectUITests.xctest */;
			productType = "com.apple.product-type.bundle.ui-testing";
		};
/* End PBXNativeTarget section */

/* Begin PBXProject section */
		90D491661E8FCEF5000CDF2B /* Project object */ = {
			isa = PBXProject;
			attributes = {
				LastSwiftUpdateCheck = 0820;
				LastUpgradeCheck = 0820;
				ORGANIZATIONNAME = OneStopAthletics;
				TargetAttributes = {
					90D4916D1E8FCEF5000CDF2B = {
						CreatedOnToolsVersion = 8.2.1;
						DevelopmentTeam = 8HRJV76B96;
						ProvisioningStyle = Automatic;
					};
					90D491811E8FCEF6000CDF2B = {
						CreatedOnToolsVersion = 8.2.1;
						DevelopmentTeam = 8HRJV76B96;
						ProvisioningStyle = Automatic;
						TestTargetID = 90D4916D1E8FCEF5000CDF2B;
					};
					90D4918C1E8FCEF6000CDF2B = {
						CreatedOnToolsVersion = 8.2.1;
						DevelopmentTeam = 8HRJV76B96;
						ProvisioningStyle = Automatic;
						TestTargetID = 90D4916D1E8FCEF5000CDF2B;
					};
				};
			};
			buildConfigurationList = 90D491691E8FCEF5000CDF2B /* Build configuration list for PBXProject "CaddyConnect" */;
			compatibilityVersion = "Xcode 3.2";
			developmentRegion = English;
			hasScannedForEncodings = 0;
			knownRegions = (
				en,
				Base,
			);
			mainGroup = 90D491651E8FCEF5000CDF2B;
			productRefGroup = 90D4916F1E8FCEF6000CDF2B /* Products */;
			projectDirPath = "";
			projectRoot = "";
			targets = (
				90D4916D1E8FCEF5000CDF2B /* CaddyConnect */,
				90D491811E8FCEF6000CDF2B /* CaddyConnectTests */,
				90D4918C1E8FCEF6000CDF2B /* CaddyConnectUITests */,
			);
		};
/* End PBXProject section */

/* Begin PBXResourcesBuildPhase section */
		90D4916C1E8FCEF5000CDF2B /* Resources */ = {
			isa = PBXResourcesBuildPhase;
			buildActionMask = 2147483647;
			files = (
				90D4917C1E8FCEF6000CDF2B /* LaunchScreen.storyboard in Resources */,
				90D491791E8FCEF6000CDF2B /* Assets.xcassets in Resources */,
				90D491771E8FCEF6000CDF2B /* Main.storyboard in Resources */,
			);
			runOnlyForDeploymentPostprocessing = 0;
		};
		90D491801E8FCEF6000CDF2B /* Resources */ = {
			isa = PBXResourcesBuildPhase;
			buildActionMask = 2147483647;
			files = (
			);
			runOnlyForDeploymentPostprocessing = 0;
		};
		90D4918B1E8FCEF6000CDF2B /* Resources */ = {
			isa = PBXResourcesBuildPhase;
			buildActionMask = 2147483647;
			files = (
			);
			runOnlyForDeploymentPostprocessing = 0;
		};
/* End PBXResourcesBuildPhase section */

/* Begin PBXSourcesBuildPhase section */
		90D4916A1E8FCEF5000CDF2B /* Sources */ = {
			isa = PBXSourcesBuildPhase;
			buildActionMask = 2147483647;
			files = (
				90D491741E8FCEF6000CDF2B /* ViewController.swift in Sources */,
				90D491721E8FCEF6000CDF2B /* AppDelegate.swift in Sources */,
			);
			runOnlyForDeploymentPostprocessing = 0;
		};
		90D4917E1E8FCEF6000CDF2B /* Sources */ = {
			isa = PBXSourcesBuildPhase;
			buildActionMask = 2147483647;
			files = (
				90D491871E8FCEF6000CDF2B /* CaddyConnectTests.swift in Sources */,
			);
			runOnlyForDeploymentPostprocessing = 0;
		};
		90D491891E8FCEF6000CDF2B /* Sources */ = {
			isa = PBXSourcesBuildPhase;
			buildActionMask = 2147483647;
			files = (
				90D491921E8FCEF6000CDF2B /* CaddyConnectUITests.swift in Sources */,
			);
			runOnlyForDeploymentPostprocessing = 0;
		};
/* End PBXSourcesBuildPhase section */

/* Begin PBXTargetDependency section */
		90D491841E8FCEF6000CDF2B /* PBXTargetDependency */ = {
			isa = PBXTargetDependency;
			target = 90D4916D1E8FCEF5000CDF2B /* CaddyConnect */;
			targetProxy = 90D491831E8FCEF6000CDF2B /* PBXContainerItemProxy */;
		};
		90D4918F1E8FCEF6000CDF2B /* PBXTargetDependency */ = {
			isa = PBXTargetDependency;
			target = 90D4916D1E8FCEF5000CDF2B /* CaddyConnect */;
			targetProxy = 90D4918E1E8FCEF6000CDF2B /* PBXContainerItemProxy */;
		};
/* End PBXTargetDependency section */

/* Begin PBXVariantGroup section */
		90D491751E8FCEF6000CDF2B /* Main.storyboard */ = {
			isa = PBXVariantGroup;
			children = (
				90D491761E8FCEF6000CDF2B /* Base */,
			);
			name = Main.storyboard;
			sourceTree = "<group>";
		};
		90D4917A1E8FCEF6000CDF2B /* LaunchScreen.storyboard */ = {
			isa = PBXVariantGroup;
			children = (
				90D4917B1E8FCEF6000CDF2B /* Base */,
			);
			name = LaunchScreen.storyboard;
			sourceTree = "<group>";
		};
/* End PBXVariantGroup section */

/* Begin XCBuildConfiguration section */
		90D491941E8FCEF6000CDF2B /* Debug */ = {
			isa = XCBuildConfiguration;
			buildSettings = {
				ALWAYS_SEARCH_USER_PATHS = NO;
				CLANG_ANALYZER_NONNULL = YES;
				CLANG_CXX_LANGUAGE_STANDARD = "gnu++0x";
				CLANG_CXX_LIBRARY = "libc++";
				CLANG_ENABLE_MODULES = YES;
				CLANG_ENABLE_OBJC_ARC = YES;
				CLANG_WARN_BOOL_CONVERSION = YES;
				CLANG_WARN_CONSTANT_CONVERSION = YES;
				CLANG_WARN_DIRECT_OBJC_ISA_USAGE = YES_ERROR;
				CLANG_WARN_DOCUMENTATION_COMMENTS = YES;
				CLANG_WARN_EMPTY_BODY = YES;
				CLANG_WARN_ENUM_CONVERSION = YES;
				CLANG_WARN_INFINITE_RECURSION = YES;
				CLANG_WARN_INT_CONVERSION = YES;
				CLANG_WARN_OBJC_ROOT_CLASS = YES_ERROR;
				CLANG_WARN_SUSPICIOUS_MOVE = YES;
				CLANG_WARN_UNREACHABLE_CODE = YES;
				CLANG_WARN__DUPLICATE_METHOD_MATCH = YES;
				"CODE_SIGN_IDENTITY[sdk=iphoneos*]" = "iPhone Developer";
				COPY_PHASE_STRIP = NO;
				DEBUG_INFORMATION_FORMAT = dwarf;
				ENABLE_STRICT_OBJC_MSGSEND = YES;
				ENABLE_TESTABILITY = YES;
				GCC_C_LANGUAGE_STANDARD = gnu99;
				GCC_DYNAMIC_NO_PIC = NO;
				GCC_NO_COMMON_BLOCKS = YES;
				GCC_OPTIMIZATION_LEVEL = 0;
				GCC_PREPROCESSOR_DEFINITIONS = (
					"DEBUG=1",
					"$(inherited)",
				);
				GCC_WARN_64_TO_32_BIT_CONVERSION = YES;
				GCC_WARN_ABOUT_RETURN_TYPE = YES_ERROR;
				GCC_WARN_UNDECLARED_SELECTOR = YES;
				GCC_WARN_UNINITIALIZED_AUTOS = YES_AGGRESSIVE;
				GCC_WARN_UNUSED_FUNCTION = YES;
				GCC_WARN_UNUSED_VARIABLE = YES;
				IPHONEOS_DEPLOYMENT_TARGET = 10.2;
				MTL_ENABLE_DEBUG_INFO = YES;
				ONLY_ACTIVE_ARCH = YES;
				SDKROOT = iphoneos;
				SWIFT_ACTIVE_COMPILATION_CONDITIONS = DEBUG;
				SWIFT_OPTIMIZATION_LEVEL = "-Onone";
			};
			name = Debug;
		};
		90D491951E8FCEF6000CDF2B /* Release */ = {
			isa = XCBuildConfiguration;
			buildSettings = {
				ALWAYS_SEARCH_USER_PATHS = NO;
				CLANG_ANALYZER_NONNULL = YES;
				CLANG_CXX_LANGUAGE_STANDARD = "gnu++0x";
				CLANG_CXX_LIBRARY = "libc++";
				CLANG_ENABLE_MODULES = YES;
				CLANG_ENABLE_OBJC_ARC = YES;
				CLANG_WARN_BOOL_CONVERSION = YES;
				CLANG_WARN_CONSTANT_CONVERSION = YES;
				CLANG_WARN_DIRECT_OBJC_ISA_USAGE = YES_ERROR;
				CLANG_WARN_DOCUMENTATION_COMMENTS = YES;
				CLANG_WARN_EMPTY_BODY = YES;
				CLANG_WARN_ENUM_CONVERSION = YES;
				CLANG_WARN_INFINITE_RECURSION = YES;
				CLANG_WARN_INT_CONVERSION = YES;
				CLANG_WARN_OBJC_ROOT_CLASS = YES_ERROR;
				CLANG_WARN_SUSPICIOUS_MOVE = YES;
				CLANG_WARN_UNREACHABLE_CODE = YES;
				CLANG_WARN__DUPLICATE_METHOD_MATCH = YES;
				"CODE_SIGN_IDENTITY[sdk=iphoneos*]" = "iPhone Developer";
				COPY_PHASE_STRIP = NO;
				DEBUG_INFORMATION_FORMAT = "dwarf-with-dsym";
				ENABLE_NS_ASSERTIONS = NO;
				ENABLE_STRICT_OBJC_MSGSEND = YES;
				GCC_C_LANGUAGE_STANDARD = gnu99;
				GCC_NO_COMMON_BLOCKS = YES;
				GCC_WARN_64_TO_32_BIT_CONVERSION = YES;
				GCC_WARN_ABOUT_RETURN_TYPE = YES_ERROR;
				GCC_WARN_UNDECLARED_SELECTOR = YES;
				GCC_WARN_UNINITIALIZED_AUTOS = YES_AGGRESSIVE;
				GCC_WARN_UNUSED_FUNCTION = YES;
				GCC_WARN_UNUSED_VARIABLE = YES;
				IPHONEOS_DEPLOYMENT_TARGET = 10.2;
				MTL_ENABLE_DEBUG_INFO = NO;
				SDKROOT = iphoneos;
				SWIFT_OPTIMIZATION_LEVEL = "-Owholemodule";
				VALIDATE_PRODUCT = YES;
			};
			name = Release;
		};
		90D491971E8FCEF6000CDF2B /* Debug */ = {
			isa = XCBuildConfiguration;
			buildSettings = {
				ASSETCATALOG_COMPILER_APPICON_NAME = AppIcon;
				DEVELOPMENT_TEAM = 8HRJV76B96;
				INFOPLIST_FILE = CaddyConnect/Info.plist;
				LD_RUNPATH_SEARCH_PATHS = "$(inherited) @executable_path/Frameworks";
				PRODUCT_BUNDLE_IDENTIFIER = OneStopAthletics.CaddyConnect;
				PRODUCT_NAME = "$(TARGET_NAME)";
				SWIFT_VERSION = 3.0;
			};
			name = Debug;
		};
		90D491981E8FCEF6000CDF2B /* Release */ = {
			isa = XCBuildConfiguration;
			buildSettings = {
				ASSETCATALOG_COMPILER_APPICON_NAME = AppIcon;
				DEVELOPMENT_TEAM = 8HRJV76B96;
				INFOPLIST_FILE = CaddyConnect/Info.plist;
				LD_RUNPATH_SEARCH_PATHS = "$(inherited) @executable_path/Frameworks";
				PRODUCT_BUNDLE_IDENTIFIER = OneStopAthletics.CaddyConnect;
				PRODUCT_NAME = "$(TARGET_NAME)";
				SWIFT_VERSION = 3.0;
			};
			name = Release;
		};
		90D4919A1E8FCEF6000CDF2B /* Debug */ = {
			isa = XCBuildConfiguration;
			buildSettings = {
				ALWAYS_EMBED_SWIFT_STANDARD_LIBRARIES = YES;
				BUNDLE_LOADER = "$(TEST_HOST)";
				DEVELOPMENT_TEAM = 8HRJV76B96;
				INFOPLIST_FILE = CaddyConnectTests/Info.plist;
				LD_RUNPATH_SEARCH_PATHS = "$(inherited) @executable_path/Frameworks @loader_path/Frameworks";
				PRODUCT_BUNDLE_IDENTIFIER = OneStopAthletics.CaddyConnectTests;
				PRODUCT_NAME = "$(TARGET_NAME)";
				SWIFT_VERSION = 3.0;
				TEST_HOST = "$(BUILT_PRODUCTS_DIR)/CaddyConnect.app/CaddyConnect";
			};
			name = Debug;
		};
		90D4919B1E8FCEF6000CDF2B /* Release */ = {
			isa = XCBuildConfiguration;
			buildSettings = {
				ALWAYS_EMBED_SWIFT_STANDARD_LIBRARIES = YES;
				BUNDLE_LOADER = "$(TEST_HOST)";
				DEVELOPMENT_TEAM = 8HRJV76B96;
				INFOPLIST_FILE = CaddyConnectTests/Info.plist;
				LD_RUNPATH_SEARCH_PATHS = "$(inherited) @executable_path/Frameworks @loader_path/Frameworks";
				PRODUCT_BUNDLE_IDENTIFIER = OneStopAthletics.CaddyConnectTests;
				PRODUCT_NAME = "$(TARGET_NAME)";
				SWIFT_VERSION = 3.0;
				TEST_HOST = "$(BUILT_PRODUCTS_DIR)/CaddyConnect.app/CaddyConnect";
			};
			name = Release;
		};
		90D4919D1E8FCEF6000CDF2B /* Debug */ = {
			isa = XCBuildConfiguration;
			buildSettings = {
				ALWAYS_EMBED_SWIFT_STANDARD_LIBRARIES = YES;
				DEVELOPMENT_TEAM = 8HRJV76B96;
				INFOPLIST_FILE = CaddyConnectUITests/Info.plist;
				LD_RUNPATH_SEARCH_PATHS = "$(inherited) @executable_path/Frameworks @loader_path/Frameworks";
				PRODUCT_BUNDLE_IDENTIFIER = OneStopAthletics.CaddyConnectUITests;
				PRODUCT_NAME = "$(TARGET_NAME)";
				SWIFT_VERSION = 3.0;
				TEST_TARGET_NAME = CaddyConnect;
			};
			name = Debug;
		};
		90D4919E1E8FCEF6000CDF2B /* Release */ = {
			isa = XCBuildConfiguration;
			buildSettings = {
				ALWAYS_EMBED_SWIFT_STANDARD_LIBRARIES = YES;
				DEVELOPMENT_TEAM = 8HRJV76B96;
				INFOPLIST_FILE = CaddyConnectUITests/Info.plist;
				LD_RUNPATH_SEARCH_PATHS = "$(inherited) @executable_path/Frameworks @loader_path/Frameworks";
				PRODUCT_BUNDLE_IDENTIFIER = OneStopAthletics.CaddyConnectUITests;
				PRODUCT_NAME = "$(TARGET_NAME)";
				SWIFT_VERSION = 3.0;
				TEST_TARGET_NAME = CaddyConnect;
			};
			name = Release;
		};
/* End XCBuildConfiguration section */

/* Begin XCConfigurationList section */
		90D491691E8FCEF5000CDF2B /* Build configuration list for PBXProject "CaddyConnect" */ = {
			isa = XCConfigurationList;
			buildConfigurations = (
				90D491941E8FCEF6000CDF2B /* Debug */,
				90D491951E8FCEF6000CDF2B /* Release */,
			);
			defaultConfigurationIsVisible = 0;
			defaultConfigurationName = Release;
		};
		90D491961E8FCEF6000CDF2B /* Build configuration list for PBXNativeTarget "CaddyConnect" */ = {
			isa = XCConfigurationList;
			buildConfigurations = (
				90D491971E8FCEF6000CDF2B /* Debug */,
				90D491981E8FCEF6000CDF2B /* Release */,
			);
			defaultConfigurationIsVisible = 0;
		};
		90D491991E8FCEF6000CDF2B /* Build configuration list for PBXNativeTarget "CaddyConnectTests" */ = {
			isa = XCConfigurationList;
			buildConfigurations = (
				90D4919A1E8FCEF6000CDF2B /* Debug */,
				90D4919B1E8FCEF6000CDF2B /* Release */,
			);
			defaultConfigurationIsVisible = 0;
		};
		90D4919C1E8FCEF6000CDF2B /* Build configuration list for PBXNativeTarget "CaddyConnectUITests" */ = {
			isa = XCConfigurationList;
			buildConfigurations = (
				90D4919D1E8FCEF6000CDF2B /* Debug */,
				90D4919E1E8FCEF6000CDF2B /* Release */,
			);
			defaultConfigurationIsVisible = 0;
		};
/* End XCConfigurationList section */
	};
	rootObject = 90D491661E8FCEF5000CDF2B /* Project object */;
}
